// !$*UTF8*$!
{
	archiveVersion = 1;
	classes = {
	};
	objectVersion = 56;
	objects = {

/* Begin PBXBuildFile section */
		7E3143FE29AEFE7F005E2FB3 /* hwsApp.swift in Sources */ = {isa = PBXBuildFile; fileRef = 7E3143FD29AEFE7F005E2FB3 /* hwsApp.swift */; };
		7E31440029AEFE7F005E2FB3 /* ContentView.swift in Sources */ = {isa = PBXBuildFile; fileRef = 7E3143FF29AEFE7F005E2FB3 /* ContentView.swift */; };
		7E31440229AEFE83005E2FB3 /* Assets.xcassets in Resources */ = {isa = PBXBuildFile; fileRef = 7E31440129AEFE83005E2FB3 /* Assets.xcassets */; };
		7E31440529AEFE83005E2FB3 /* Preview Assets.xcassets in Resources */ = {isa = PBXBuildFile; fileRef = 7E31440429AEFE83005E2FB3 /* Preview Assets.xcassets */; };
		7E4F713429C0AE1600D72D1B /* menu.json in Resources */ = {isa = PBXBuildFile; fileRef = 7E4F713029C0AE1500D72D1B /* menu.json */; };
		7E4F713529C0AE1600D72D1B /* Order.swift in Sources */ = {isa = PBXBuildFile; fileRef = 7E4F713129C0AE1500D72D1B /* Order.swift */; };
		7E4F713629C0AE1600D72D1B /* Menu.swift in Sources */ = {isa = PBXBuildFile; fileRef = 7E4F713229C0AE1600D72D1B /* Menu.swift */; };
		7E4F713729C0AE1600D72D1B /* Helper.swift in Sources */ = {isa = PBXBuildFile; fileRef = 7E4F713329C0AE1600D72D1B /* Helper.swift */; };
/* End PBXBuildFile section */

/* Begin PBXFileReference section */
		7E3143FA29AEFE7F005E2FB3 /* hws.app */ = {isa = PBXFileReference; explicitFileType = wrapper.application; includeInIndex = 0; path = hws.app; sourceTree = BUILT_PRODUCTS_DIR; };
		7E3143FD29AEFE7F005E2FB3 /* hwsApp.swift */ = {isa = PBXFileReference; lastKnownFileType = sourcecode.swift; path = hwsApp.swift; sourceTree = "<group>"; };
		7E3143FF29AEFE7F005E2FB3 /* ContentView.swift */ = {isa = PBXFileReference; lastKnownFileType = sourcecode.swift; path = ContentView.swift; sourceTree = "<group>"; };
		7E31440129AEFE83005E2FB3 /* Assets.xcassets */ = {isa = PBXFileReference; lastKnownFileType = folder.assetcatalog; path = Assets.xcassets; sourceTree = "<group>"; };
		7E31440429AEFE83005E2FB3 /* Preview Assets.xcassets */ = {isa = PBXFileReference; lastKnownFileType = folder.assetcatalog; path = "Preview Assets.xcassets"; sourceTree = "<group>"; };
		7E4F713029C0AE1500D72D1B /* menu.json */ = {isa = PBXFileReference; fileEncoding = 4; lastKnownFileType = text.json; name = menu.json; path = ../../../Downloads/menu.json; sourceTree = "<group>"; };
		7E4F713129C0AE1500D72D1B /* Order.swift */ = {isa = PBXFileReference; fileEncoding = 4; lastKnownFileType = sourcecode.swift; name = Order.swift; path = ../../../Downloads/Order.swift; sourceTree = "<group>"; };
		7E4F713229C0AE1600D72D1B /* Menu.swift */ = {isa = PBXFileReference; fileEncoding = 4; lastKnownFileType = sourcecode.swift; path = Menu.swift; sourceTree = "<group>"; };
		7E4F713329C0AE1600D72D1B /* Helper.swift */ = {isa = PBXFileReference; fileEncoding = 4; lastKnownFileType = sourcecode.swift; path = Helper.swift; sourceTree = "<group>"; };
/* End PBXFileReference section */

/* Begin PBXFrameworksBuildPhase section */
		7E3143F729AEFE7F005E2FB3 /* Frameworks */ = {
			isa = PBXFrameworksBuildPhase;
			buildActionMask = 2147483647;
			files = (
			);
			runOnlyForDeploymentPostprocessing = 0;
		};
/* End PBXFrameworksBuildPhase section */

/* Begin PBXGroup section */
		7E3143F129AEFE7F005E2FB3 = {
			isa = PBXGroup;
			children = (
				7E3143FC29AEFE7F005E2FB3 /* hws */,
				7E3143FB29AEFE7F005E2FB3 /* Products */,
			);
			sourceTree = "<group>";
		};
		7E3143FB29AEFE7F005E2FB3 /* Products */ = {
			isa = PBXGroup;
			children = (
				7E3143FA29AEFE7F005E2FB3 /* hws.app */,
			);
			name = Products;
			sourceTree = "<group>";
		};
		7E3143FC29AEFE7F005E2FB3 /* hws */ = {
			isa = PBXGroup;
			children = (
				7E3143FD29AEFE7F005E2FB3 /* hwsApp.swift */,
				7E3143FF29AEFE7F005E2FB3 /* ContentView.swift */,
				7E4F713329C0AE1600D72D1B /* Helper.swift */,
				7E4F713029C0AE1500D72D1B /* menu.json */,
				7E4F713229C0AE1600D72D1B /* Menu.swift */,
				7E4F713129C0AE1500D72D1B /* Order.swift */,
				7E31440129AEFE83005E2FB3 /* Assets.xcassets */,
				7E31440329AEFE83005E2FB3 /* Preview Content */,
			);
			path = hws;
			sourceTree = "<group>";
		};
		7E31440329AEFE83005E2FB3 /* Preview Content */ = {
			isa = PBXGroup;
			children = (
				7E31440429AEFE83005E2FB3 /* Preview Assets.xcassets */,
			);
			path = "Preview Content";
			sourceTree = "<group>";
		};
/* End PBXGroup section */

/* Begin PBXNativeTarget section */
		7E3143F929AEFE7F005E2FB3 /* hws */ = {
			isa = PBXNativeTarget;
			buildConfigurationList = 7E31440829AEFE83005E2FB3 /* Build configuration list for PBXNativeTarget "hws" */;
			buildPhases = (
				7E3143F629AEFE7F005E2FB3 /* Sources */,
				7E3143F729AEFE7F005E2FB3 /* Frameworks */,
				7E3143F829AEFE7F005E2FB3 /* Resources */,
			);
			buildRules = (
			);
			dependencies = (
			);
			name = hws;
			productName = hws;
			productReference = 7E3143FA29AEFE7F005E2FB3 /* hws.app */;
			productType = "com.apple.product-type.application";
		};
/* End PBXNativeTarget section */

/* Begin PBXProject section */
		7E3143F229AEFE7F005E2FB3 /* Project object */ = {
			isa = PBXProject;
			attributes = {
				BuildIndependentTargetsInParallel = 1;
				LastSwiftUpdateCheck = 1420;
				LastUpgradeCheck = 1420;
				TargetAttributes = {
					7E3143F929AEFE7F005E2FB3 = {
						CreatedOnToolsVersion = 14.2;
					};
				};
			};
			buildConfigurationList = 7E3143F529AEFE7F005E2FB3 /* Build configuration list for PBXProject "hws" */;
			compatibilityVersion = "Xcode 14.0";
			developmentRegion = en;
			hasScannedForEncodings = 0;
			knownRegions = (
				en,
				Base,
			);
			mainGroup = 7E3143F129AEFE7F005E2FB3;
			productRefGroup = 7E3143FB29AEFE7F005E2FB3 /* Products */;
			projectDirPath = "";
			projectRoot = "";
			targets = (
				7E3143F929AEFE7F005E2FB3 /* hws */,
			);
		};
/* End PBXProject section */

/* Begin PBXResourcesBuildPhase section */
		7E3143F829AEFE7F005E2FB3 /* Resources */ = {
			isa = PBXResourcesBuildPhase;
			buildActionMask = 2147483647;
			files = (
				7E4F713429C0AE1600D72D1B /* menu.json in Resources */,
				7E31440529AEFE83005E2FB3 /* Preview Assets.xcassets in Resources */,
				7E31440229AEFE83005E2FB3 /* Assets.xcassets in Resources */,
			);
			runOnlyForDeploymentPostprocessing = 0;
		};
/* End PBXResourcesBuildPhase section */

/* Begin PBXSourcesBuildPhase section */
		7E3143F629AEFE7F005E2FB3 /* Sources */ = {
			isa = PBXSourcesBuildPhase;
			buildActionMask = 2147483647;
			files = (
				7E4F713529C0AE1600D72D1B /* Order.swift in Sources */,
				7E31440029AEFE7F005E2FB3 /* ContentView.swift in Sources */,
				7E4F713729C0AE1600D72D1B /* Helper.swift in Sources */,
				7E4F713629C0AE1600D72D1B /* Menu.swift in Sources */,
				7E3143FE29AEFE7F005E2FB3 /* hwsApp.swift in Sources */,
			);
			runOnlyForDeploymentPostprocessing = 0;
		};
/* End PBXSourcesBuildPhase section */

/* Begin XCBuildConfiguration section */
		7E31440629AEFE83005E2FB3 /* Debug */ = {
			isa = XCBuildConfiguration;
			buildSettings = {
				ALWAYS_SEARCH_USER_PATHS = NO;
				CLANG_ANALYZER_NONNULL = YES;
				CLANG_ANALYZER_NUMBER_OBJECT_CONVERSION = YES_AGGRESSIVE;
				CLANG_CXX_LANGUAGE_STANDARD = "gnu++20";
				CLANG_ENABLE_MODULES = YES;
				CLANG_ENABLE_OBJC_ARC = YES;
				CLANG_ENABLE_OBJC_WEAK = YES;
				CLANG_WARN_BLOCK_CAPTURE_AUTORELEASING = YES;
				CLANG_WARN_BOOL_CONVERSION = YES;
				CLANG_WARN_COMMA = YES;
				CLANG_WARN_CONSTANT_CONVERSION = YES;
				CLANG_WARN_DEPRECATED_OBJC_IMPLEMENTATIONS = YES;
				CLANG_WARN_DIRECT_OBJC_ISA_USAGE = YES_ERROR;
				CLANG_WARN_DOCUMENTATION_COMMENTS = YES;
				CLANG_WARN_EMPTY_BODY = YES;
				CLANG_WARN_ENUM_CONVERSION = YES;
				CLANG_WARN_INFINITE_RECURSION = YES;
				CLANG_WARN_INT_CONVERSION = YES;
				CLANG_WARN_NON_LITERAL_NULL_CONVERSION = YES;
				CLANG_WARN_OBJC_IMPLICIT_RETAIN_SELF = YES;
				CLANG_WARN_OBJC_LITERAL_CONVERSION = YES;
				CLANG_WARN_OBJC_ROOT_CLASS = YES_ERROR;
				CLANG_WARN_QUOTED_INCLUDE_IN_FRAMEWORK_HEADER = YES;
				CLANG_WARN_RANGE_LOOP_ANALYSIS = YES;
				CLANG_WARN_STRICT_PROTOTYPES = YES;
				CLANG_WARN_SUSPICIOUS_MOVE = YES;
				CLANG_WARN_UNGUARDED_AVAILABILITY = YES_AGGRESSIVE;
				CLANG_WARN_UNREACHABLE_CODE = YES;
				CLANG_WARN__DUPLICATE_METHOD_MATCH = YES;
				COPY_PHASE_STRIP = NO;
				DEBUG_INFORMATION_FORMAT = dwarf;
				ENABLE_STRICT_OBJC_MSGSEND = YES;
				ENABLE_TESTABILITY = YES;
				GCC_C_LANGUAGE_STANDARD = gnu11;
				GCC_DYNAMIC_NO_PIC = NO;
				GCC_NO_COMMON_BLOCKS = YES;
				GCC_OPTIMIZATION_LEVEL = 0;
				GCC_PREPROCESSOR_DEFINITIONS = (
					"DEBUG=1",
					"$(inherited)",
				);
				GCC_WARN_64_TO_32_BIT_CONVERSION = YES;
				GCC_WARN_ABOUT_RETURN_TYPE = YES_ERROR;
				GCC_WARN_UNDECLARED_SELECTOR = YES;
				GCC_WARN_UNINITIALIZED_AUTOS = YES_AGGRESSIVE;
				GCC_WARN_UNUSED_FUNCTION = YES;
				GCC_WARN_UNUSED_VARIABLE = YES;
				IPHONEOS_DEPLOYMENT_TARGET = 16.2;
				MTL_ENABLE_DEBUG_INFO = INCLUDE_SOURCE;
				MTL_FAST_MATH = YES;
				ONLY_ACTIVE_ARCH = YES;
				SDKROOT = iphoneos;
				SWIFT_ACTIVE_COMPILATION_CONDITIONS = DEBUG;
				SWIFT_OPTIMIZATION_LEVEL = "-Onone";
			};
			name = Debug;
		};
		7E31440729AEFE83005E2FB3 /* Release */ = {
			isa = XCBuildConfiguration;
			buildSettings = {
				ALWAYS_SEARCH_USER_PATHS = NO;
				CLANG_ANALYZER_NONNULL = YES;
				CLANG_ANALYZER_NUMBER_OBJECT_CONVERSION = YES_AGGRESSIVE;
				CLANG_CXX_LANGUAGE_STANDARD = "gnu++20";
				CLANG_ENABLE_MODULES = YES;
				CLANG_ENABLE_OBJC_ARC = YES;
				CLANG_ENABLE_OBJC_WEAK = YES;
				CLANG_WARN_BLOCK_CAPTURE_AUTORELEASING = YES;
				CLANG_WARN_BOOL_CONVERSION = YES;
				CLANG_WARN_COMMA = YES;
				CLANG_WARN_CONSTANT_CONVERSION = YES;
				CLANG_WARN_DEPRECATED_OBJC_IMPLEMENTATIONS = YES;
				CLANG_WARN_DIRECT_OBJC_ISA_USAGE = YES_ERROR;
				CLANG_WARN_DOCUMENTATION_COMMENTS = YES;
				CLANG_WARN_EMPTY_BODY = YES;
				CLANG_WARN_ENUM_CONVERSION = YES;
				CLANG_WARN_INFINITE_RECURSION = YES;
				CLANG_WARN_INT_CONVERSION = YES;
				CLANG_WARN_NON_LITERAL_NULL_CONVERSION = YES;
				CLANG_WARN_OBJC_IMPLICIT_RETAIN_SELF = YES;
				CLANG_WARN_OBJC_LITERAL_CONVERSION = YES;
				CLANG_WARN_OBJC_ROOT_CLASS = YES_ERROR;
				CLANG_WARN_QUOTED_INCLUDE_IN_FRAMEWORK_HEADER = YES;
				CLANG_WARN_RANGE_LOOP_ANALYSIS = YES;
				CLANG_WARN_STRICT_PROTOTYPES = YES;
				CLANG_WARN_SUSPICIOUS_MOVE = YES;
				CLANG_WARN_UNGUARDED_AVAILABILITY = YES_AGGRESSIVE;
				CLANG_WARN_UNREACHABLE_CODE = YES;
				CLANG_WARN__DUPLICATE_METHOD_MATCH = YES;
				COPY_PHASE_STRIP = NO;
				DEBUG_INFORMATION_FORMAT = "dwarf-with-dsym";
				ENABLE_NS_ASSERTIONS = NO;
				ENABLE_STRICT_OBJC_MSGSEND = YES;
				GCC_C_LANGUAGE_STANDARD = gnu11;
				GCC_NO_COMMON_BLOCKS = YES;
				GCC_WARN_64_TO_32_BIT_CONVERSION = YES;
				GCC_WARN_ABOUT_RETURN_TYPE = YES_ERROR;
				GCC_WARN_UNDECLARED_SELECTOR = YES;
				GCC_WARN_UNINITIALIZED_AUTOS = YES_AGGRESSIVE;
				GCC_WARN_UNUSED_FUNCTION = YES;
				GCC_WARN_UNUSED_VARIABLE = YES;
				IPHONEOS_DEPLOYMENT_TARGET = 16.2;
				MTL_ENABLE_DEBUG_INFO = NO;
				MTL_FAST_MATH = YES;
				SDKROOT = iphoneos;
				SWIFT_COMPILATION_MODE = wholemodule;
				SWIFT_OPTIMIZATION_LEVEL = "-O";
				VALIDATE_PRODUCT = YES;
			};
			name = Release;
		};
		7E31440929AEFE83005E2FB3 /* Debug */ = {
			isa = XCBuildConfiguration;
			buildSettings = {
				ASSETCATALOG_COMPILER_APPICON_NAME = AppIcon;
				ASSETCATALOG_COMPILER_GLOBAL_ACCENT_COLOR_NAME = AccentColor;
				CODE_SIGN_IDENTITY = "Apple Development";
				CODE_SIGN_STYLE = Automatic;
				CURRENT_PROJECT_VERSION = 1;
				DEVELOPMENT_ASSET_PATHS = "\"hws/Preview Content\"";
				DEVELOPMENT_TEAM = AD5TXCHUQ3;
				ENABLE_PREVIEWS = YES;
				GENERATE_INFOPLIST_FILE = YES;
				INFOPLIST_KEY_UIApplicationSceneManifest_Generation = YES;
				INFOPLIST_KEY_UIApplicationSupportsIndirectInputEvents = YES;
				INFOPLIST_KEY_UILaunchScreen_Generation = YES;
				INFOPLIST_KEY_UISupportedInterfaceOrientations_iPad = "UIInterfaceOrientationPortrait UIInterfaceOrientationPortraitUpsideDown UIInterfaceOrientationLandscapeLeft UIInterfaceOrientationLandscapeRight";
				INFOPLIST_KEY_UISupportedInterfaceOrientations_iPhone = "UIInterfaceOrientationPortrait UIInterfaceOrientationLandscapeLeft UIInterfaceOrientationLandscapeRight";
				LD_RUNPATH_SEARCH_PATHS = (
					"$(inherited)",
					"@executable_path/Frameworks",
				);
				MARKETING_VERSION = 1.0;
				PRODUCT_BUNDLE_IDENTIFIER = com.huylg.hws;
				PRODUCT_NAME = "$(TARGET_NAME)";
				PROVISIONING_PROFILE_SPECIFIER = "";
				SWIFT_EMIT_LOC_STRINGS = YES;
				SWIFT_VERSION = 5.0;
				TARGETED_DEVICE_FAMILY = "1,2";
			};
			name = Debug;
		};
		7E31440A29AEFE83005E2FB3 /* Release */ = {
			isa = XCBuildConfiguration;
			buildSettings = {
				ASSETCATALOG_COMPILER_APPICON_NAME = AppIcon;
				ASSETCATALOG_COMPILER_GLOBAL_ACCENT_COLOR_NAME = AccentColor;
				CODE_SIGN_IDENTITY = "Apple Development";
				CODE_SIGN_STYLE = Automatic;
				CURRENT_PROJECT_VERSION = 1;
				DEVELOPMENT_ASSET_PATHS = "\"hws/Preview Content\"";
				DEVELOPMENT_TEAM = AD5TXCHUQ3;
				ENABLE_PREVIEWS = YES;
				GENERATE_INFOPLIST_FILE = YES;
				INFOPLIST_KEY_UIApplicationSceneManifest_Generation = YES;
				INFOPLIST_KEY_UIApplicationSupportsIndirectInputEvents = YES;
				INFOPLIST_KEY_UILaunchScreen_Generation = YES;
				INFOPLIST_KEY_UISupportedInterfaceOrientations_iPad = "UIInterfaceOrientationPortrait UIInterfaceOrientationPortraitUpsideDown UIInterfaceOrientationLandscapeLeft UIInterfaceOrientationLandscapeRight";
				INFOPLIST_KEY_UISupportedInterfaceOrientations_iPhone = "UIInterfaceOrientationPortrait UIInterfaceOrientationLandscapeLeft UIInterfaceOrientationLandscapeRight";
				LD_RUNPATH_SEARCH_PATHS = (
					"$(inherited)",
					"@executable_path/Frameworks",
				);
				MARKETING_VERSION = 1.0;
				PRODUCT_BUNDLE_IDENTIFIER = com.huylg.hws;
				PRODUCT_NAME = "$(TARGET_NAME)";
				PROVISIONING_PROFILE_SPECIFIER = "";
				SWIFT_EMIT_LOC_STRINGS = YES;
				SWIFT_VERSION = 5.0;
				TARGETED_DEVICE_FAMILY = "1,2";
			};
			name = Release;
		};
/* End XCBuildConfiguration section */

/* Begin XCConfigurationList section */
		7E3143F529AEFE7F005E2FB3 /* Build configuration list for PBXProject "hws" */ = {
			isa = XCConfigurationList;
			buildConfigurations = (
				7E31440629AEFE83005E2FB3 /* Debug */,
				7E31440729AEFE83005E2FB3 /* Release */,
			);
			defaultConfigurationIsVisible = 0;
			defaultConfigurationName = Release;
		};
		7E31440829AEFE83005E2FB3 /* Build configuration list for PBXNativeTarget "hws" */ = {
			isa = XCConfigurationList;
			buildConfigurations = (
				7E31440929AEFE83005E2FB3 /* Debug */,
				7E31440A29AEFE83005E2FB3 /* Release */,
			);
			defaultConfigurationIsVisible = 0;
			defaultConfigurationName = Release;
		};
/* End XCConfigurationList section */
	};
	rootObject = 7E3143F229AEFE7F005E2FB3 /* Project object */;
}
